<?xml version="1.0" encoding="utf-8"?>
<Project ToolsVersion="4.0" xmlns="http://schemas.microsoft.com/developer/msbuild/2003">
  <ItemGroup>
    <Filter Include="소스 파일">
      <UniqueIdentifier>{4FC737F1-C7A5-4376-A066-2A32D752A2FF}</UniqueIdentifier>
      <Extensions>cpp;c;cc;cxx;def;odl;idl;hpj;bat;asm;asmx</Extensions>
    </Filter>
    <Filter Include="헤더 파일">
      <UniqueIdentifier>{93995380-89BD-4b04-88EB-625FBE52EBFB}</UniqueIdentifier>
      <Extensions>h;hh;hpp;hxx;hm;inl;inc;xsd</Extensions>
    </Filter>
    <Filter Include="리소스 파일">
      <UniqueIdentifier>{67DA6AB6-F800-4c08-8B7A-83BB121AAD01}</UniqueIdentifier>
      <Extensions>rc;ico;cur;bmp;dlg;rc2;rct;bin;rgs;gif;jpg;jpeg;jpe;resx;tiff;tif;png;wav;mfcribbon-ms</Extensions>
    </Filter>
  </ItemGroup>
  <ItemGroup>
    <ClCompile Include="algo_0_robot_190613.cpp">
      <Filter>소스 파일</Filter>
    </ClCompile>
    <ClCompile Include="algo_1_gear_190613.cpp">
      <Filter>소스 파일</Filter>
    </ClCompile>
    <ClCompile Include="algo_2_dragon_curve_190617.cpp">
      <Filter>소스 파일</Filter>
    </ClCompile>
    <ClCompile Include="algo_4_mineral_190618.cpp">
      <Filter>소스 파일</Filter>
    </ClCompile>
    <ClCompile Include="algo_3_snake_190620_lyg.cpp">
      <Filter>소스 파일</Filter>
    </ClCompile>
    <ClCompile Include="scpc_2_190621.cpp">
      <Filter>소스 파일</Filter>
    </ClCompile>
    <ClCompile Include="scpc_1_190624.cpp">
      <Filter>소스 파일</Filter>
    </ClCompile>
    <ClCompile Include="scpc_3_190624.cpp">
      <Filter>소스 파일</Filter>
    </ClCompile>
    <ClCompile Include="scpc_3_190625_jjj.cpp">
      <Filter>소스 파일</Filter>
    </ClCompile>
    <ClCompile Include="algo_5_resignation2_190625.cpp">
      <Filter>소스 파일</Filter>
    </ClCompile>
    <ClCompile Include="algo_6_pill_190627.cpp">
      <Filter>소스 파일</Filter>
    </ClCompile>
    <ClCompile Include="algo_7_abc_190627_wrong.cpp">
      <Filter>소스 파일</Filter>
    </ClCompile>
    <ClCompile Include="algo_7_abc_190627.cpp">
      <Filter>소스 파일</Filter>
    </ClCompile>
    <ClCompile Include="algo_9_associated_number_190628.cpp">
      <Filter>소스 파일</Filter>
    </ClCompile>
    <ClCompile Include="algo_10_fibo_190628.cpp">
      <Filter>소스 파일</Filter>
    </ClCompile>
    <ClCompile Include="algo_11_techno_190701.cpp">
      <Filter>소스 파일</Filter>
    </ClCompile>
    <ClCompile Include="wrong_algo_8_check_190628.cpp">
      <Filter>소스 파일</Filter>
    </ClCompile>
    <ClCompile Include="algo_12_mutal_190702.cpp">
      <Filter>소스 파일</Filter>
    </ClCompile>
    <ClCompile Include="algo_13_mutal2_190702.cpp">
      <Filter>소스 파일</Filter>
    </ClCompile>
    <ClCompile Include="algo_8_check_190702.cpp">
      <Filter>소스 파일</Filter>
    </ClCompile>
    <ClCompile Include="algo_bfs_1_2644_190703.cpp">
      <Filter>소스 파일</Filter>
    </ClCompile>
    <ClCompile Include="algo_8_check_dp_190703.cpp">
      <Filter>소스 파일</Filter>
    </ClCompile>
    <ClCompile Include="algo_14_fibo_190703.cpp">
      <Filter>소스 파일</Filter>
    </ClCompile>
    <ClCompile Include="algo_15_fibo3_190703.cpp">
      <Filter>소스 파일</Filter>
    </ClCompile>
    <ClCompile Include="algo_16_fibo4_190703.cpp">
      <Filter>소스 파일</Filter>
    </ClCompile>
    <ClCompile Include="codeforces_1_190705.cpp">
      <Filter>소스 파일</Filter>
    </ClCompile>
    <ClCompile Include="codeforces_2_190705.cpp">
      <Filter>소스 파일</Filter>
    </ClCompile>
    <ClCompile Include="algo_17_LCM_190705.cpp">
      <Filter>소스 파일</Filter>
    </ClCompile>
    <ClCompile Include="algo_2644_190710.cpp">
      <Filter>소스 파일</Filter>
    </ClCompile>
    <ClCompile Include="algo_1107_190710.cpp">
      <Filter>소스 파일</Filter>
    </ClCompile>
    <ClCompile Include="algo_5086_190711.cpp">
      <Filter>소스 파일</Filter>
    </ClCompile>
    <ClCompile Include="algo_11050_190711.cpp">
      <Filter>소스 파일</Filter>
    </ClCompile>
    <ClCompile Include="algo_11051_190711.cpp">
      <Filter>소스 파일</Filter>
    </ClCompile>
    <ClCompile Include="algo_2004_190711.cpp">
      <Filter>소스 파일</Filter>
    </ClCompile>
    <ClCompile Include="algo_sw_1206_190712.cpp">
      <Filter>소스 파일</Filter>
    </ClCompile>
    <ClCompile Include="algo_sw_wrong_1244_190712.cpp">
      <Filter>소스 파일</Filter>
    </ClCompile>
    <ClCompile Include="algo_sw_1244_190712.cpp">
      <Filter>소스 파일</Filter>
    </ClCompile>
    <ClCompile Include="data_structure_pratice_0.cpp">
      <Filter>소스 파일</Filter>
    </ClCompile>
    <ClCompile Include="algo_sw_1244_190717.cpp">
      <Filter>소스 파일</Filter>
    </ClCompile>
    <ClCompile Include="algo_15661_190717___.cpp">
      <Filter>소스 파일</Filter>
    </ClCompile>
    <ClCompile Include="algo_10026_190718.cpp">
      <Filter>소스 파일</Filter>
    </ClCompile>
    <ClCompile Include="algo_15686_190719.cpp">
      <Filter>소스 파일</Filter>
    </ClCompile>
    <ClCompile Include="algo_6603_190719.cpp">
      <Filter>소스 파일</Filter>
    </ClCompile>
    <ClCompile Include="algo_1260_190722_______________.cpp">
      <Filter>소스 파일</Filter>
    </ClCompile>
    <ClCompile Include="algo_sw_1232_190722__________________.cpp">
      <Filter>소스 파일</Filter>
    </ClCompile>
    <ClCompile Include="algo_2606_190722_wrong.cpp">
      <Filter>소스 파일</Filter>
    </ClCompile>
    <ClCompile Include="algo_2606_190722.cpp">
      <Filter>소스 파일</Filter>
    </ClCompile>
    <ClCompile Include="algo_2606_190723.cpp">
      <Filter>소스 파일</Filter>
    </ClCompile>
    <ClCompile Include="algo_1260_190723.cpp">
      <Filter>소스 파일</Filter>
    </ClCompile>
    <ClCompile Include="algo_2667_190723.cpp">
      <Filter>소스 파일</Filter>
    </ClCompile>
    <ClCompile Include="algo_sw_1210_190724.cpp">
      <Filter>소스 파일</Filter>
    </ClCompile>
    <ClCompile Include="algo_sw_1224_190724________________.cpp">
      <Filter>소스 파일</Filter>
    </ClCompile>
    <ClCompile Include="algo_1012_190724.cpp">
      <Filter>소스 파일</Filter>
    </ClCompile>
    <ClCompile Include="algo_10950_190725.cpp">
      <Filter>소스 파일</Filter>
    </ClCompile>
    <ClCompile Include="algo_2438_190725.cpp">
      <Filter>소스 파일</Filter>
    </ClCompile>
    <ClCompile Include="algo_15552_190725.cpp">
      <Filter>소스 파일</Filter>
    </ClCompile>
    <ClCompile Include="algo_sw_pratice_0_190725______________.cpp">
      <Filter>소스 파일</Filter>
    </ClCompile>
    <ClCompile Include="algo_2231_190729.cpp">
      <Filter>소스 파일</Filter>
    </ClCompile>
    <ClCompile Include="algo_1629_190729.cpp">
      <Filter>소스 파일</Filter>
    </ClCompile>
    <ClCompile Include="algo_1904_190729.cpp">
      <Filter>소스 파일</Filter>
    </ClCompile>
    <ClCompile Include="algo_2156_190730.cpp">
      <Filter>소스 파일</Filter>
    </ClCompile>
    <ClCompile Include="algo_wrong_11049_190730.cpp">
      <Filter>소스 파일</Filter>
    </ClCompile>
    <ClCompile Include="algo_11049_190731.cpp">
      <Filter>소스 파일</Filter>
    </ClCompile>
    <ClCompile Include="algo_11047_190731.cpp">
      <Filter>소스 파일</Filter>
    </ClCompile>
    <ClCompile Include="algo_15649_190801____________.cpp">
      <Filter>소스 파일</Filter>
    </ClCompile>
    <ClCompile Include="algo_15649_190801.cpp">
      <Filter>소스 파일</Filter>
    </ClCompile>
    <ClCompile Include="algo_15650_190801.cpp">
      <Filter>소스 파일</Filter>
    </ClCompile>
    <ClCompile Include="algo_15654_190801.cpp">
      <Filter>소스 파일</Filter>
    </ClCompile>
    <ClCompile Include="algo_15652_190801.cpp">
      <Filter>소스 파일</Filter>
    </ClCompile>
    <ClCompile Include="algo_15655_190801.cpp">
      <Filter>소스 파일</Filter>
    </ClCompile>
    <ClCompile Include="algo_15656_190801.cpp">
      <Filter>소스 파일</Filter>
    </ClCompile>
    <ClCompile Include="algo_15657_190801.cpp">
      <Filter>소스 파일</Filter>
    </ClCompile>
    <ClCompile Include="algo_15664_190801.cpp">
      <Filter>소스 파일</Filter>
    </ClCompile>
    <ClCompile Include="algo_15665_190801.cpp">
      <Filter>소스 파일</Filter>
    </ClCompile>
    <ClCompile Include="algo_15666_190801.cpp">
      <Filter>소스 파일</Filter>
    </ClCompile>
    <ClCompile Include="algo_2675_190802.cpp">
      <Filter>소스 파일</Filter>
    </ClCompile>
    <ClCompile Include="algo_11654_190802.cpp">
      <Filter>소스 파일</Filter>
    </ClCompile>
    <ClCompile Include="algo_10828_190802.cpp">
      <Filter>소스 파일</Filter>
    </ClCompile>
    <ClCompile Include="algo_9663_190801_pratice.cpp">
      <Filter>소스 파일</Filter>
    </ClCompile>
    <ClCompile Include="algo_9663_190802_.cpp">
      <Filter>소스 파일</Filter>
    </ClCompile>
    <ClCompile Include="algo_2750_190805.cpp">
      <Filter>소스 파일</Filter>
    </ClCompile>
    <ClCompile Include="algo_2751_190805.cpp">
      <Filter>소스 파일</Filter>
    </ClCompile>
    <ClCompile Include="algo_1193_190805.cpp">
      <Filter>소스 파일</Filter>
    </ClCompile>
    <ClCompile Include="algo_2775_190805.cpp">
      <Filter>소스 파일</Filter>
    </ClCompile>
    <ClCompile Include="algo_2292_190805.cpp">
      <Filter>소스 파일</Filter>
    </ClCompile>
    <ClCompile Include="algo_10250_190805.cpp">
      <Filter>소스 파일</Filter>
    </ClCompile>
    <ClCompile Include="algo_1932_190805.cpp">
      <Filter>소스 파일</Filter>
    </ClCompile>
    <ClCompile Include="algo_2579_190805_wrong.cpp">
      <Filter>소스 파일</Filter>
    </ClCompile>
    <ClCompile Include="algo_2579_190806_________.cpp">
      <Filter>소스 파일</Filter>
    </ClCompile>
    <ClCompile Include="algo_1463_190806.cpp">
      <Filter>소스 파일</Filter>
    </ClCompile>
    <ClCompile Include="algo_sw_Battle_76_190806.cpp">
      <Filter>소스 파일</Filter>
    </ClCompile>
    <ClCompile Include="algo_11286_190806.cpp">
      <Filter>소스 파일</Filter>
    </ClCompile>
    <ClCompile Include="algo_1110_190807.cpp">
      <Filter>소스 파일</Filter>
    </ClCompile>
    <ClCompile Include="algo_10871_190807.cpp">
      <Filter>소스 파일</Filter>
    </ClCompile>
    <ClCompile Include="algo_2742_190807.cpp">
      <Filter>소스 파일</Filter>
    </ClCompile>
    <ClCompile Include="algo_2630_190807.cpp">
      <Filter>소스 파일</Filter>
    </ClCompile>
    <ClCompile Include="algo_11279_190807.cpp">
      <Filter>소스 파일</Filter>
    </ClCompile>
    <ClCompile Include="algo_1927_190807.cpp">
      <Filter>소스 파일</Filter>
    </ClCompile>
    <ClCompile Include="algo_3009_190807.cpp">
      <Filter>소스 파일</Filter>
    </ClCompile>
    <ClCompile Include="algo_1655_190807.cpp">
      <Filter>소스 파일</Filter>
    </ClCompile>
    <ClCompile Include="algo_7569_190808.cpp">
      <Filter>소스 파일</Filter>
    </ClCompile>
    <ClCompile Include="algo_7576_190808.cpp">
      <Filter>소스 파일</Filter>
    </ClCompile>
    <ClCompile Include="algo_11053_190808.cpp">
      <Filter>소스 파일</Filter>
    </ClCompile>
    <ClCompile Include="algo_11054_190808.cpp">
      <Filter>소스 파일</Filter>
    </ClCompile>
    <ClCompile Include="algo_10844_190809.cpp">
      <Filter>소스 파일</Filter>
    </ClCompile>
    <ClCompile Include="algo_sw_1224_190809.cpp">
      <Filter>소스 파일</Filter>
    </ClCompile>
  </ItemGroup>
  <ItemGroup>
    <Text Include="input.txt">
      <Filter>소스 파일</Filter>
    </Text>
  </ItemGroup>
</Project>